
Microsoft Visual Studio Solution File, Format Version 12.00
# Visual Studio 15
VisualStudioVersion = 15.0.28010.2036
MinimumVisualStudioVersion = 10.0.40219.1
Project("{FAE04EC0-301F-11D3-BF4B-00C04F79EFBC}") = "Projeto1", "Projeto1\Projeto1.csproj", "{F4066D58-0858-476E-8372-AF34CD102E95}"
EndProject
Project("{FAE04EC0-301F-11D3-BF4B-00C04F79EFBC}") = "Projeto2", "Projeto2\Projeto2.csproj", "{43FB6CDF-522D-4F59-AF0B-FC2E8BC90A7E}"
EndProject
Global
	GlobalSection(SolutionConfigurationPlatforms) = preSolution
		Debug|Any CPU = Debug|Any CPU
		Release|Any CPU = Release|Any CPU
	EndGlobalSection
	GlobalSection(ProjectConfigurationPlatforms) = postSolution
		{F4066D58-0858-476E-8372-AF34CD102E95}.Debug|Any CPU.ActiveCfg = Debug|Any CPU
		{F4066D58-0858-476E-8372-AF34CD102E95}.Debug|Any CPU.Build.0 = Debug|Any CPU
		{F4066D58-0858-476E-8372-AF34CD102E95}.Release|Any CPU.ActiveCfg = Release|Any CPU
		{F4066D58-0858-476E-8372-AF34CD102E95}.Release|Any CPU.Build.0 = Release|Any CPU
		{43FB6CDF-522D-4F59-AF0B-FC2E8BC90A7E}.Debug|Any CPU.ActiveCfg = Debug|Any CPU
		{43FB6CDF-522D-4F59-AF0B-FC2E8BC90A7E}.Debug|Any CPU.Build.0 = Debug|Any CPU
		{43FB6CDF-522D-4F59-AF0B-FC2E8BC90A7E}.Release|Any CPU.ActiveCfg = Release|Any CPU
		{43FB6CDF-522D-4F59-AF0B-FC2E8BC90A7E}.Release|Any CPU.Build.0 = Release|Any CPU
	EndGlobalSection
	GlobalSection(SolutionProperties) = preSolution
		HideSolutionNode = FALSE
	EndGlobalSection
	GlobalSection(ExtensibilityGlobals) = postSolution
		SolutionGuid = {30EEFB9F-8F1F-47B3-8257-C21CC3464DDB}
	EndGlobalSection
EndGlobal
